
Microsoft Visual Studio Solution File, Format Version 12.00
# Visual Studio Version 17
VisualStudioVersion = 17.12.35707.178 d17.12
MinimumVisualStudioVersion = 10.0.40219.1
Project("{FAE04EC0-301F-11D3-BF4B-00C04F79EFBC}") = "wyzwanie nr3", "wyzwanie nr3.csproj", "{68EB64DD-96C2-4F8A-99DF-6BF36593E544}"
EndProject
Global
	GlobalSection(SolutionConfigurationPlatforms) = preSolution
		Debug|Any CPU = Debug|Any CPU
		Release|Any CPU = Release|Any CPU
	EndGlobalSection
	GlobalSection(ProjectConfigurationPlatforms) = postSolution
		{68EB64DD-96C2-4F8A-99DF-6BF36593E544}.Debug|Any CPU.ActiveCfg = Debug|Any CPU
		{68EB64DD-96C2-4F8A-99DF-6BF36593E544}.Debug|Any CPU.Build.0 = Debug|Any CPU
		{68EB64DD-96C2-4F8A-99DF-6BF36593E544}.Release|Any CPU.ActiveCfg = Release|Any CPU
		{68EB64DD-96C2-4F8A-99DF-6BF36593E544}.Release|Any CPU.Build.0 = Release|Any CPU
	EndGlobalSection
	GlobalSection(SolutionProperties) = preSolution
		HideSolutionNode = FALSE
	EndGlobalSection
EndGlobal
